{
  "name": "@vcard/vcard4-parser",
  "version": "0.0.0",
  "lockfileVersion": 2,
  "requires": true,
  "packages": {
    "": {
      "name": "@vcard/vcard4-parser",
      "version": "0.0.0",
      "license": "MIT",
      "dependencies": {
        "@vcard/vcard4-meta": "^1.0.0-rc.4",
        "core-js": "^3.24.1",
        "lodash.camelcase": "^4.3.0",
        "type-fest": "^2.16.0"
      },
      "devDependencies": {
        "@types/lodash.camelcase": "^4.3.7"
      },
      "engines": {
        "node": ">=16.6",
        "npm": ">=8"
      }
    },
    "../vcard4-meta": {
      "name": "@vcard/vcard4-meta",
      "version": "1.0.0-rc.4",
      "license": "MIT",
      "engines": {
        "node": ">=16.6",
        "npm": ">=8"
      }
    },
    "node_modules/@types/lodash": {
      "version": "4.14.182",
      "dev": true,
      "license": "MIT"
    },
    "node_modules/@types/lodash.camelcase": {
      "version": "4.3.7",
      "dev": true,
      "license": "MIT",
      "dependencies": {
        "@types/lodash": "*"
      }
    },
    "node_modules/@vcard/vcard4-meta": {
      "resolved": "../vcard4-meta",
      "link": true
    },
    "node_modules/core-js": {
      "version": "3.24.1",
      "resolved": "https://registry.npmjs.org/core-js/-/core-js-3.24.1.tgz",
      "integrity": "sha512-0QTBSYSUZ6Gq21utGzkfITDylE8jWC9Ne1D2MrhvlsZBI1x39OdDIVbzSqtgMndIy6BlHxBXpMGqzZmnztg2rg==",
      "hasInstallScript": true,
      "funding": {
        "type": "opencollective",
        "url": "https://opencollective.com/core-js"
      }
    },
    "node_modules/lodash.camelcase": {
      "version": "4.3.0",
      "license": "MIT"
    },
    "node_modules/type-fest": {
      "version": "2.16.0",
      "license": "(MIT OR CC0-1.0)",
      "engines": {
        "node": ">=12.20"
      },
      "funding": {
        "url": "https://github.com/sponsors/sindresorhus"
      }
    }
  },
  "dependencies": {
    "@types/lodash": {
      "version": "4.14.182",
      "dev": true
    },
    "@types/lodash.camelcase": {
      "version": "4.3.7",
      "dev": true,
      "requires": {
        "@types/lodash": "*"
      }
    },
    "@vcard/vcard4-meta": {
      "version": "file:../vcard4-meta"
    },
    "core-js": {
      "version": "3.24.1",
      "resolved": "https://registry.npmjs.org/core-js/-/core-js-3.24.1.tgz",
      "integrity": "sha512-0QTBSYSUZ6Gq21utGzkfITDylE8jWC9Ne1D2MrhvlsZBI1x39OdDIVbzSqtgMndIy6BlHxBXpMGqzZmnztg2rg=="
    },
    "lodash.camelcase": {
      "version": "4.3.0"
    },
    "type-fest": {
      "version": "2.16.0"
    }
  }
}
