{
	"name": "@vcard/vcard4-parser",
	"version": "0.0.0",
	"lockfileVersion": 2,
	"requires": true,
	"packages": {
		"": {
			"name": "@vcard/vcard4-parser",
			"version": "0.0.0",
			"license": "MIT",
			"dependencies": {
				"core-js": "^3.19.2",
				"lodash.camelcase": "^4.3.0",
				"type-fest": "^2.16.0"
			},
			"devDependencies": {
				"@types/lodash.camelcase": "^4.3.7"
			}
		},
		"node_modules/@types/lodash": {
			"version": "4.14.182",
			"resolved": "https://registry.npmjs.org/@types/lodash/-/lodash-4.14.182.tgz",
			"integrity": "sha512-/THyiqyQAP9AfARo4pF+aCGcyiQ94tX/Is2I7HofNRqoYLgN1PBoOWu2/zTA5zMxzP5EFutMtWtGAFRKUe961Q==",
			"dev": true
		},
		"node_modules/@types/lodash.camelcase": {
			"version": "4.3.7",
			"resolved": "https://registry.npmjs.org/@types/lodash.camelcase/-/lodash.camelcase-4.3.7.tgz",
			"integrity": "sha512-Nfi6jpo9vuEOSIJP+mpbTezKyEt75DQlbwjiDvs/JctWkbnHDoyQo5lWqdvgNiJmVUjcmkfvlrvSEgJYvurOKg==",
			"dev": true,
			"dependencies": {
				"@types/lodash": "*"
			}
		},
		"node_modules/core-js": {
			"version": "3.23.4",
			"resolved": "https://registry.npmjs.org/core-js/-/core-js-3.23.4.tgz",
			"integrity": "sha512-vjsKqRc1RyAJC3Ye2kYqgfdThb3zYnx9CrqoCcjMOENMtQPC7ZViBvlDxwYU/2z2NI/IPuiXw5mT4hWhddqjzQ==",
			"hasInstallScript": true,
			"funding": {
				"type": "opencollective",
				"url": "https://opencollective.com/core-js"
			}
		},
		"node_modules/lodash.camelcase": {
			"version": "4.3.0",
			"resolved": "https://registry.npmjs.org/lodash.camelcase/-/lodash.camelcase-4.3.0.tgz",
			"integrity": "sha512-TwuEnCnxbc3rAvhf/LbG7tJUDzhqXyFnv3dtzLOPgCG/hODL7WFnsbwktkD7yUV0RrreP/l1PALq/YSg6VvjlA=="
		},
		"node_modules/type-fest": {
			"version": "2.16.0",
			"resolved": "https://registry.npmjs.org/type-fest/-/type-fest-2.16.0.tgz",
			"integrity": "sha512-qpaThT2HQkFb83gMOrdKVsfCN7LKxP26Yq+smPzY1FqoHRjqmjqHXA7n5Gkxi8efirtbeEUxzfEdePthQWCuHw==",
			"engines": {
				"node": ">=12.20"
			},
			"funding": {
				"url": "https://github.com/sponsors/sindresorhus"
			}
		}
	},
	"dependencies": {
		"@types/lodash": {
			"version": "4.14.182",
			"resolved": "https://registry.npmjs.org/@types/lodash/-/lodash-4.14.182.tgz",
			"integrity": "sha512-/THyiqyQAP9AfARo4pF+aCGcyiQ94tX/Is2I7HofNRqoYLgN1PBoOWu2/zTA5zMxzP5EFutMtWtGAFRKUe961Q==",
			"dev": true
		},
		"@types/lodash.camelcase": {
			"version": "4.3.7",
			"resolved": "https://registry.npmjs.org/@types/lodash.camelcase/-/lodash.camelcase-4.3.7.tgz",
			"integrity": "sha512-Nfi6jpo9vuEOSIJP+mpbTezKyEt75DQlbwjiDvs/JctWkbnHDoyQo5lWqdvgNiJmVUjcmkfvlrvSEgJYvurOKg==",
			"dev": true,
			"requires": {
				"@types/lodash": "*"
			}
		},
		"core-js": {
			"version": "3.23.4",
			"resolved": "https://registry.npmjs.org/core-js/-/core-js-3.23.4.tgz",
			"integrity": "sha512-vjsKqRc1RyAJC3Ye2kYqgfdThb3zYnx9CrqoCcjMOENMtQPC7ZViBvlDxwYU/2z2NI/IPuiXw5mT4hWhddqjzQ=="
		},
		"lodash.camelcase": {
			"version": "4.3.0",
			"resolved": "https://registry.npmjs.org/lodash.camelcase/-/lodash.camelcase-4.3.0.tgz",
			"integrity": "sha512-TwuEnCnxbc3rAvhf/LbG7tJUDzhqXyFnv3dtzLOPgCG/hODL7WFnsbwktkD7yUV0RrreP/l1PALq/YSg6VvjlA=="
		},
		"type-fest": {
			"version": "2.16.0",
			"resolved": "https://registry.npmjs.org/type-fest/-/type-fest-2.16.0.tgz",
			"integrity": "sha512-qpaThT2HQkFb83gMOrdKVsfCN7LKxP26Yq+smPzY1FqoHRjqmjqHXA7n5Gkxi8efirtbeEUxzfEdePthQWCuHw=="
		}
	}
}
